
Microsoft Visual Studio Solution File, Format Version 12.00
# Visual Studio 15
VisualStudioVersion = 15.0.27004.2006
MinimumVisualStudioVersion = 10.0.40219.1
Project("{9A19103F-16F7-4668-BE54-9A1E7A4F7556}") = "Ripply", "Ripply\Ripply.csproj", "{7BCDAB88-660D-483D-97D8-4D2B6DE79A4A}"
EndProject
Project("{FAE04EC0-301F-11D3-BF4B-00C04F79EFBC}") = "Ripply.Scrapper", "..\Ripply.Scrapper\Ripply.Scrapper\Ripply.Scrapper.csproj", "{450BE497-511A-4D48-A9B7-F48C46C76F48}"
EndProject
Project("{E53339B2-1760-4266-BCC7-CA923CBCF16C}") = "docker-compose", "docker-compose.dcproj", "{EA5B30E8-8D1D-45CA-AEEC-93749E65619B}"
EndProject
Project("{FAE04EC0-301F-11D3-BF4B-00C04F79EFBC}") = "Ripply.Scrapper.Product.Postgres", "..\Ripply.Scrapper\Ripply.Scrapper.Product.Postgres\Ripply.Scrapper.Product.Postgres.csproj", "{C0E4D7C2-A2E1-4856-BEDA-FF01E2468F3F}"
EndProject
Global
	GlobalSection(SolutionConfigurationPlatforms) = preSolution
		Debug|Any CPU = Debug|Any CPU
		Release|Any CPU = Release|Any CPU
	EndGlobalSection
	GlobalSection(ProjectConfigurationPlatforms) = postSolution
		{7BCDAB88-660D-483D-97D8-4D2B6DE79A4A}.Debug|Any CPU.ActiveCfg = Debug|Any CPU
		{7BCDAB88-660D-483D-97D8-4D2B6DE79A4A}.Debug|Any CPU.Build.0 = Debug|Any CPU
		{7BCDAB88-660D-483D-97D8-4D2B6DE79A4A}.Release|Any CPU.ActiveCfg = Release|Any CPU
		{7BCDAB88-660D-483D-97D8-4D2B6DE79A4A}.Release|Any CPU.Build.0 = Release|Any CPU
		{450BE497-511A-4D48-A9B7-F48C46C76F48}.Debug|Any CPU.ActiveCfg = Debug|Any CPU
		{450BE497-511A-4D48-A9B7-F48C46C76F48}.Debug|Any CPU.Build.0 = Debug|Any CPU
		{450BE497-511A-4D48-A9B7-F48C46C76F48}.Release|Any CPU.ActiveCfg = Release|Any CPU
		{450BE497-511A-4D48-A9B7-F48C46C76F48}.Release|Any CPU.Build.0 = Release|Any CPU
		{EA5B30E8-8D1D-45CA-AEEC-93749E65619B}.Debug|Any CPU.ActiveCfg = Debug|Any CPU
		{EA5B30E8-8D1D-45CA-AEEC-93749E65619B}.Debug|Any CPU.Build.0 = Debug|Any CPU
		{EA5B30E8-8D1D-45CA-AEEC-93749E65619B}.Release|Any CPU.ActiveCfg = Release|Any CPU
		{EA5B30E8-8D1D-45CA-AEEC-93749E65619B}.Release|Any CPU.Build.0 = Release|Any CPU
		{C0E4D7C2-A2E1-4856-BEDA-FF01E2468F3F}.Debug|Any CPU.ActiveCfg = Debug|Any CPU
		{C0E4D7C2-A2E1-4856-BEDA-FF01E2468F3F}.Debug|Any CPU.Build.0 = Debug|Any CPU
		{C0E4D7C2-A2E1-4856-BEDA-FF01E2468F3F}.Release|Any CPU.ActiveCfg = Release|Any CPU
		{C0E4D7C2-A2E1-4856-BEDA-FF01E2468F3F}.Release|Any CPU.Build.0 = Release|Any CPU
	EndGlobalSection
	GlobalSection(SolutionProperties) = preSolution
		HideSolutionNode = FALSE
	EndGlobalSection
	GlobalSection(ExtensibilityGlobals) = postSolution
		SolutionGuid = {DC3BB918-2420-431B-8078-7A56F86B3657}
	EndGlobalSection
EndGlobal
